
Microsoft Visual Studio Solution File, Format Version 11.00
# Visual C# Express 2010
Project("{FAE04EC0-301F-11D3-BF4B-00C04F79EFBC}") = "VHDL_ANTLR4", "VHDL_ANTLR4\VHDL_ANTLR4.csproj", "{6D59ABA1-C75B-4B44-BAAC-0FA6B2F05B5F}"
EndProject
Project("{FAE04EC0-301F-11D3-BF4B-00C04F79EFBC}") = "Verilog_ANTLR4", "Verilog_ANTLR4\Verilog_ANTLR4.csproj", "{B9810DF6-0706-4ADE-A714-F22D13ED6934}"
EndProject
Project("{FAE04EC0-301F-11D3-BF4B-00C04F79EFBC}") = "VHDL", "VHDL\VHDL.csproj", "{BC4213CF-B989-47AA-A3F9-39269FB2CE01}"
EndProject
Project("{FAE04EC0-301F-11D3-BF4B-00C04F79EFBC}") = "ParserSample", "ParserSample\ParserSample.csproj", "{8A4FA1B7-D7DE-4975-B69F-51CC4C6A72C7}"
EndProject
Project("{FAE04EC0-301F-11D3-BF4B-00C04F79EFBC}") = "VHDLOutput", "VHDLOutput\VHDLOutput.csproj", "{5FC177AE-ACA2-4BCC-80D8-4A5FBD6E44A3}"
EndProject
Project("{FAE04EC0-301F-11D3-BF4B-00C04F79EFBC}") = "VHDLInputGenerators", "VHDLInputGenerators\VHDLInputGenerators.csproj", "{8F896377-8D25-46B8-927E-3B6F818B0FF8}"
EndProject
Project("{FAE04EC0-301F-11D3-BF4B-00C04F79EFBC}") = "VHDLRuntime", "VHDLRuntime\VHDLRuntime.csproj", "{9591F671-2578-4B75-9A4B-FF96F823135A}"
EndProject
Project("{FAE04EC0-301F-11D3-BF4B-00C04F79EFBC}") = "VHDLCompiler", "VHDLCompiler\VHDLCompiler.csproj", "{1B9E7B24-C8C3-47FA-8AC5-2278B08C8571}"
EndProject
Project("{FAE04EC0-301F-11D3-BF4B-00C04F79EFBC}") = "ModelingSystemTest", "ModelingSystemTest\ModelingSystemTest.csproj", "{22E60363-5A3A-40BE-A57E-80EC9A1C1797}"
EndProject
Global
	GlobalSection(SolutionConfigurationPlatforms) = preSolution
		Debug|Any CPU = Debug|Any CPU
		Debug|Mixed Platforms = Debug|Mixed Platforms
		Debug|x86 = Debug|x86
		Release|Any CPU = Release|Any CPU
		Release|Mixed Platforms = Release|Mixed Platforms
		Release|x86 = Release|x86
	EndGlobalSection
	GlobalSection(ProjectConfigurationPlatforms) = postSolution
		{6D59ABA1-C75B-4B44-BAAC-0FA6B2F05B5F}.Debug|Any CPU.ActiveCfg = Debug|Any CPU
		{6D59ABA1-C75B-4B44-BAAC-0FA6B2F05B5F}.Debug|Any CPU.Build.0 = Debug|Any CPU
		{6D59ABA1-C75B-4B44-BAAC-0FA6B2F05B5F}.Debug|Mixed Platforms.ActiveCfg = Debug|Any CPU
		{6D59ABA1-C75B-4B44-BAAC-0FA6B2F05B5F}.Debug|Mixed Platforms.Build.0 = Debug|Any CPU
		{6D59ABA1-C75B-4B44-BAAC-0FA6B2F05B5F}.Debug|x86.ActiveCfg = Debug|Any CPU
		{6D59ABA1-C75B-4B44-BAAC-0FA6B2F05B5F}.Release|Any CPU.ActiveCfg = Release|Any CPU
		{6D59ABA1-C75B-4B44-BAAC-0FA6B2F05B5F}.Release|Any CPU.Build.0 = Release|Any CPU
		{6D59ABA1-C75B-4B44-BAAC-0FA6B2F05B5F}.Release|Mixed Platforms.ActiveCfg = Release|Any CPU
		{6D59ABA1-C75B-4B44-BAAC-0FA6B2F05B5F}.Release|Mixed Platforms.Build.0 = Release|Any CPU
		{6D59ABA1-C75B-4B44-BAAC-0FA6B2F05B5F}.Release|x86.ActiveCfg = Release|Any CPU
		{B9810DF6-0706-4ADE-A714-F22D13ED6934}.Debug|Any CPU.ActiveCfg = Debug|Any CPU
		{B9810DF6-0706-4ADE-A714-F22D13ED6934}.Debug|Any CPU.Build.0 = Debug|Any CPU
		{B9810DF6-0706-4ADE-A714-F22D13ED6934}.Debug|Mixed Platforms.ActiveCfg = Debug|Any CPU
		{B9810DF6-0706-4ADE-A714-F22D13ED6934}.Debug|Mixed Platforms.Build.0 = Debug|Any CPU
		{B9810DF6-0706-4ADE-A714-F22D13ED6934}.Debug|x86.ActiveCfg = Debug|Any CPU
		{B9810DF6-0706-4ADE-A714-F22D13ED6934}.Release|Any CPU.ActiveCfg = Release|Any CPU
		{B9810DF6-0706-4ADE-A714-F22D13ED6934}.Release|Any CPU.Build.0 = Release|Any CPU
		{B9810DF6-0706-4ADE-A714-F22D13ED6934}.Release|Mixed Platforms.ActiveCfg = Release|Any CPU
		{B9810DF6-0706-4ADE-A714-F22D13ED6934}.Release|Mixed Platforms.Build.0 = Release|Any CPU
		{B9810DF6-0706-4ADE-A714-F22D13ED6934}.Release|x86.ActiveCfg = Release|Any CPU
		{BC4213CF-B989-47AA-A3F9-39269FB2CE01}.Debug|Any CPU.ActiveCfg = Debug|Any CPU
		{BC4213CF-B989-47AA-A3F9-39269FB2CE01}.Debug|Any CPU.Build.0 = Debug|Any CPU
		{BC4213CF-B989-47AA-A3F9-39269FB2CE01}.Debug|Mixed Platforms.ActiveCfg = Debug|Any CPU
		{BC4213CF-B989-47AA-A3F9-39269FB2CE01}.Debug|Mixed Platforms.Build.0 = Debug|Any CPU
		{BC4213CF-B989-47AA-A3F9-39269FB2CE01}.Debug|x86.ActiveCfg = Debug|Any CPU
		{BC4213CF-B989-47AA-A3F9-39269FB2CE01}.Release|Any CPU.ActiveCfg = Release|Any CPU
		{BC4213CF-B989-47AA-A3F9-39269FB2CE01}.Release|Any CPU.Build.0 = Release|Any CPU
		{BC4213CF-B989-47AA-A3F9-39269FB2CE01}.Release|Mixed Platforms.ActiveCfg = Release|Any CPU
		{BC4213CF-B989-47AA-A3F9-39269FB2CE01}.Release|Mixed Platforms.Build.0 = Release|Any CPU
		{BC4213CF-B989-47AA-A3F9-39269FB2CE01}.Release|x86.ActiveCfg = Release|Any CPU
		{8A4FA1B7-D7DE-4975-B69F-51CC4C6A72C7}.Debug|Any CPU.ActiveCfg = Debug|Any CPU
		{8A4FA1B7-D7DE-4975-B69F-51CC4C6A72C7}.Debug|Any CPU.Build.0 = Debug|Any CPU
		{8A4FA1B7-D7DE-4975-B69F-51CC4C6A72C7}.Debug|Mixed Platforms.ActiveCfg = Debug|Any CPU
		{8A4FA1B7-D7DE-4975-B69F-51CC4C6A72C7}.Debug|Mixed Platforms.Build.0 = Debug|Any CPU
		{8A4FA1B7-D7DE-4975-B69F-51CC4C6A72C7}.Debug|x86.ActiveCfg = Debug|Any CPU
		{8A4FA1B7-D7DE-4975-B69F-51CC4C6A72C7}.Release|Any CPU.ActiveCfg = Release|Any CPU
		{8A4FA1B7-D7DE-4975-B69F-51CC4C6A72C7}.Release|Any CPU.Build.0 = Release|Any CPU
		{8A4FA1B7-D7DE-4975-B69F-51CC4C6A72C7}.Release|Mixed Platforms.ActiveCfg = Release|Any CPU
		{8A4FA1B7-D7DE-4975-B69F-51CC4C6A72C7}.Release|Mixed Platforms.Build.0 = Release|Any CPU
		{8A4FA1B7-D7DE-4975-B69F-51CC4C6A72C7}.Release|x86.ActiveCfg = Release|Any CPU
		{5FC177AE-ACA2-4BCC-80D8-4A5FBD6E44A3}.Debug|Any CPU.ActiveCfg = Debug|Any CPU
		{5FC177AE-ACA2-4BCC-80D8-4A5FBD6E44A3}.Debug|Any CPU.Build.0 = Debug|Any CPU
		{5FC177AE-ACA2-4BCC-80D8-4A5FBD6E44A3}.Debug|Mixed Platforms.ActiveCfg = Debug|Any CPU
		{5FC177AE-ACA2-4BCC-80D8-4A5FBD6E44A3}.Debug|Mixed Platforms.Build.0 = Debug|Any CPU
		{5FC177AE-ACA2-4BCC-80D8-4A5FBD6E44A3}.Debug|x86.ActiveCfg = Debug|Any CPU
		{5FC177AE-ACA2-4BCC-80D8-4A5FBD6E44A3}.Release|Any CPU.ActiveCfg = Release|Any CPU
		{5FC177AE-ACA2-4BCC-80D8-4A5FBD6E44A3}.Release|Any CPU.Build.0 = Release|Any CPU
		{5FC177AE-ACA2-4BCC-80D8-4A5FBD6E44A3}.Release|Mixed Platforms.ActiveCfg = Release|Any CPU
		{5FC177AE-ACA2-4BCC-80D8-4A5FBD6E44A3}.Release|Mixed Platforms.Build.0 = Release|Any CPU
		{5FC177AE-ACA2-4BCC-80D8-4A5FBD6E44A3}.Release|x86.ActiveCfg = Release|Any CPU
		{8F896377-8D25-46B8-927E-3B6F818B0FF8}.Debug|Any CPU.ActiveCfg = Debug|Any CPU
		{8F896377-8D25-46B8-927E-3B6F818B0FF8}.Debug|Any CPU.Build.0 = Debug|Any CPU
		{8F896377-8D25-46B8-927E-3B6F818B0FF8}.Debug|Mixed Platforms.ActiveCfg = Debug|Any CPU
		{8F896377-8D25-46B8-927E-3B6F818B0FF8}.Debug|Mixed Platforms.Build.0 = Debug|Any CPU
		{8F896377-8D25-46B8-927E-3B6F818B0FF8}.Debug|x86.ActiveCfg = Debug|Any CPU
		{8F896377-8D25-46B8-927E-3B6F818B0FF8}.Release|Any CPU.ActiveCfg = Release|Any CPU
		{8F896377-8D25-46B8-927E-3B6F818B0FF8}.Release|Any CPU.Build.0 = Release|Any CPU
		{8F896377-8D25-46B8-927E-3B6F818B0FF8}.Release|Mixed Platforms.ActiveCfg = Release|Any CPU
		{8F896377-8D25-46B8-927E-3B6F818B0FF8}.Release|Mixed Platforms.Build.0 = Release|Any CPU
		{8F896377-8D25-46B8-927E-3B6F818B0FF8}.Release|x86.ActiveCfg = Release|Any CPU
		{9591F671-2578-4B75-9A4B-FF96F823135A}.Debug|Any CPU.ActiveCfg = Debug|Any CPU
		{9591F671-2578-4B75-9A4B-FF96F823135A}.Debug|Any CPU.Build.0 = Debug|Any CPU
		{9591F671-2578-4B75-9A4B-FF96F823135A}.Debug|Mixed Platforms.ActiveCfg = Debug|Any CPU
		{9591F671-2578-4B75-9A4B-FF96F823135A}.Debug|Mixed Platforms.Build.0 = Debug|Any CPU
		{9591F671-2578-4B75-9A4B-FF96F823135A}.Debug|x86.ActiveCfg = Debug|Any CPU
		{9591F671-2578-4B75-9A4B-FF96F823135A}.Release|Any CPU.ActiveCfg = Release|Any CPU
		{9591F671-2578-4B75-9A4B-FF96F823135A}.Release|Any CPU.Build.0 = Release|Any CPU
		{9591F671-2578-4B75-9A4B-FF96F823135A}.Release|Mixed Platforms.ActiveCfg = Release|Any CPU
		{9591F671-2578-4B75-9A4B-FF96F823135A}.Release|Mixed Platforms.Build.0 = Release|Any CPU
		{9591F671-2578-4B75-9A4B-FF96F823135A}.Release|x86.ActiveCfg = Release|Any CPU
		{1B9E7B24-C8C3-47FA-8AC5-2278B08C8571}.Debug|Any CPU.ActiveCfg = Debug|Any CPU
		{1B9E7B24-C8C3-47FA-8AC5-2278B08C8571}.Debug|Any CPU.Build.0 = Debug|Any CPU
		{1B9E7B24-C8C3-47FA-8AC5-2278B08C8571}.Debug|Mixed Platforms.ActiveCfg = Debug|Any CPU
		{1B9E7B24-C8C3-47FA-8AC5-2278B08C8571}.Debug|Mixed Platforms.Build.0 = Debug|Any CPU
		{1B9E7B24-C8C3-47FA-8AC5-2278B08C8571}.Debug|x86.ActiveCfg = Debug|Any CPU
		{1B9E7B24-C8C3-47FA-8AC5-2278B08C8571}.Release|Any CPU.ActiveCfg = Release|Any CPU
		{1B9E7B24-C8C3-47FA-8AC5-2278B08C8571}.Release|Any CPU.Build.0 = Release|Any CPU
		{1B9E7B24-C8C3-47FA-8AC5-2278B08C8571}.Release|Mixed Platforms.ActiveCfg = Release|Any CPU
		{1B9E7B24-C8C3-47FA-8AC5-2278B08C8571}.Release|Mixed Platforms.Build.0 = Release|Any CPU
		{1B9E7B24-C8C3-47FA-8AC5-2278B08C8571}.Release|x86.ActiveCfg = Release|Any CPU
		{22E60363-5A3A-40BE-A57E-80EC9A1C1797}.Debug|Any CPU.ActiveCfg = Debug|x86
		{22E60363-5A3A-40BE-A57E-80EC9A1C1797}.Debug|Mixed Platforms.ActiveCfg = Debug|x86
		{22E60363-5A3A-40BE-A57E-80EC9A1C1797}.Debug|Mixed Platforms.Build.0 = Debug|x86
		{22E60363-5A3A-40BE-A57E-80EC9A1C1797}.Debug|x86.ActiveCfg = Debug|x86
		{22E60363-5A3A-40BE-A57E-80EC9A1C1797}.Debug|x86.Build.0 = Debug|x86
		{22E60363-5A3A-40BE-A57E-80EC9A1C1797}.Release|Any CPU.ActiveCfg = Release|x86
		{22E60363-5A3A-40BE-A57E-80EC9A1C1797}.Release|Mixed Platforms.ActiveCfg = Release|x86
		{22E60363-5A3A-40BE-A57E-80EC9A1C1797}.Release|Mixed Platforms.Build.0 = Release|x86
		{22E60363-5A3A-40BE-A57E-80EC9A1C1797}.Release|x86.ActiveCfg = Release|x86
		{22E60363-5A3A-40BE-A57E-80EC9A1C1797}.Release|x86.Build.0 = Release|x86
	EndGlobalSection
	GlobalSection(SolutionProperties) = preSolution
		HideSolutionNode = FALSE
	EndGlobalSection
EndGlobal
