
Microsoft Visual Studio Solution File, Format Version 11.00
# Visual Studio 2010
# SharpDevelop 5.0
Project("{FAE04EC0-301F-11D3-BF4B-00C04F79EFBC}") = "VHDL_ANTLR4", "VHDL_ANTLR4\VHDL_ANTLR4.csproj", "{6D59ABA1-C75B-4B44-BAAC-0FA6B2F05B5F}"
EndProject
Project("{FAE04EC0-301F-11D3-BF4B-00C04F79EFBC}") = "Verilog_ANTLR4", "Verilog_ANTLR4\Verilog_ANTLR4.csproj", "{B9810DF6-0706-4ADE-A714-F22D13ED6934}"
EndProject
Project("{FAE04EC0-301F-11D3-BF4B-00C04F79EFBC}") = "VHDL", "VHDL\VHDL.csproj", "{BC4213CF-B989-47AA-A3F9-39269FB2CE01}"
EndProject
Project("{FAE04EC0-301F-11D3-BF4B-00C04F79EFBC}") = "ParserSample", "ParserSample\ParserSample.csproj", "{8A4FA1B7-D7DE-4975-B69F-51CC4C6A72C7}"
EndProject
Project("{FAE04EC0-301F-11D3-BF4B-00C04F79EFBC}") = "VHDLOutput", "VHDLOutput\VHDLOutput.csproj", "{5FC177AE-ACA2-4BCC-80D8-4A5FBD6E44A3}"
EndProject
Project("{FAE04EC0-301F-11D3-BF4B-00C04F79EFBC}") = "VHDLInputGenerators", "VHDLInputGenerators\VHDLInputGenerators.csproj", "{8F896377-8D25-46B8-927E-3B6F818B0FF8}"
EndProject
Project("{FAE04EC0-301F-11D3-BF4B-00C04F79EFBC}") = "VHDLRuntime", "VHDLRuntime\VHDLRuntime.csproj", "{9591F671-2578-4B75-9A4B-FF96F823135A}"
EndProject
Project("{FAE04EC0-301F-11D3-BF4B-00C04F79EFBC}") = "VHDLCompiler", "VHDLCompiler\VHDLCompiler.csproj", "{1B9E7B24-C8C3-47FA-8AC5-2278B08C8571}"
EndProject
Project("{FAE04EC0-301F-11D3-BF4B-00C04F79EFBC}") = "AvalonDock", "Avalon\AvalonDock\AvalonDock.csproj", "{DB81988F-E0F2-45A0-A1FD-8C37F3D35244}"
EndProject
Project("{FAE04EC0-301F-11D3-BF4B-00C04F79EFBC}") = "AvalonDock.TestApp", "Avalon\AvalonDock.TestApp\AvalonDock.TestApp.csproj", "{339BC0D5-2A54-40ED-9850-7ED65182E6E1}"
EndProject
Project("{FAE04EC0-301F-11D3-BF4B-00C04F79EFBC}") = "AvalonDock.Themes.VS2010", "Avalon\AvalonDock.Theme.VS2010\AvalonDock.Themes.VS2010.csproj", "{B3FC3E21-5F2D-4581-AEA2-59F671CFFC21}"
EndProject
Project("{FAE04EC0-301F-11D3-BF4B-00C04F79EFBC}") = "AvalonDock.Themes.Aero", "Avalon\AvalonDock.Themes.Aero\AvalonDock.Themes.Aero.csproj", "{BA72CCE0-A9FB-4995-B496-7FEC5C87B85B}"
EndProject
Project("{FAE04EC0-301F-11D3-BF4B-00C04F79EFBC}") = "AvalonDock.Themes.Expression", "Avalon\AvalonDock.Themes.Expression\AvalonDock.Themes.Expression.csproj", "{488DD8F7-9D3C-4F53-BD1F-84A095D9BC10}"
EndProject
Project("{FAE04EC0-301F-11D3-BF4B-00C04F79EFBC}") = "AvalonDock.Themes.Metro", "Avalon\AvalonDock.Themes.Metro\AvalonDock.Themes.Metro.csproj", "{89286EB4-B4A1-418C-839A-067B00F442D8}"
EndProject
Project("{FAE04EC0-301F-11D3-BF4B-00C04F79EFBC}") = "Core", "Core\Core.csproj", "{9581E8F6-EDD9-463E-BFB8-AFA1D8673884}"
EndProject
Project("{FAE04EC0-301F-11D3-BF4B-00C04F79EFBC}") = "EntityDrawning", "Graphic Editors\EntityDrawning\EntityDrawning.csproj", "{2546F94A-D239-46E7-934B-3FED568F98B9}"
EndProject
Project("{FAE04EC0-301F-11D3-BF4B-00C04F79EFBC}") = "FSM", "Graphic Editors\FSM\FSM.csproj", "{74BDB369-74A9-4A67-AE58-4DE3D3F55A5F}"
EndProject
Project("{FAE04EC0-301F-11D3-BF4B-00C04F79EFBC}") = "Schema", "Graphic Editors\Schema\Schema.csproj", "{55456D2F-4CB7-483E-A57B-E36F4F8FD1B2}"
EndProject
Project("{FAE04EC0-301F-11D3-BF4B-00C04F79EFBC}") = "CommonProperties", "Panels\CommonProperties\CommonProperties.csproj", "{F1DD26BF-235B-497C-8904-EC0F849E4623}"
EndProject
Project("{FAE04EC0-301F-11D3-BF4B-00C04F79EFBC}") = "ConsoleControl", "Panels\ConsoleControl\ConsoleControl.csproj", "{737CC7F2-EC7C-4800-B7EB-72637E892C42}"
EndProject
Project("{FAE04EC0-301F-11D3-BF4B-00C04F79EFBC}") = "MessageWindow", "Panels\MessageWindow\MessageWindow.csproj", "{7BA30B40-6603-48A3-8C49-C5A02C9BD2A8}"
EndProject
Project("{FAE04EC0-301F-11D3-BF4B-00C04F79EFBC}") = "ProgressWindow", "Panels\ProgressWindow\ProgressWindow.csproj", "{E60C682A-86E4-4DE8-B1F7-33055B08E8EF}"
EndProject
Project("{FAE04EC0-301F-11D3-BF4B-00C04F79EFBC}") = "StartPage", "Panels\StartPage\StartPage.csproj", "{EE5A02B9-B413-4310-89AF-F0EC5A850CF9}"
EndProject
Project("{FAE04EC0-301F-11D3-BF4B-00C04F79EFBC}") = "ToolBoxWindow", "Panels\ToolBoxWindow\ToolBoxWindow.csproj", "{F8D1408E-5DE8-4379-AB82-0B25971795BF}"
EndProject
Project("{FAE04EC0-301F-11D3-BF4B-00C04F79EFBC}") = "log4net", "log4net\log4net.csproj", "{181FE707-E161-4722-9F38-6AAAB6FAA106}"
EndProject
Project("{FAE04EC0-301F-11D3-BF4B-00C04F79EFBC}") = "Waveform", "Waveform\Waveform.csproj", "{888B17EF-FA19-4B46-B492-3B937FFED98A}"
EndProject
Project("{FAE04EC0-301F-11D3-BF4B-00C04F79EFBC}") = "ELW.Library.Math", "ELW.Library.Math\ELW.Library.Math.csproj", "{0374C9F1-8508-421C-82A7-8D5DADB2B49A}"
EndProject
Project("{FAE04EC0-301F-11D3-BF4B-00C04F79EFBC}") = "DataContainer", "DataContainer\DataContainer.csproj", "{FAF224DC-A63D-47C3-B793-BA353D0EF61B}"
EndProject
Project("{FAE04EC0-301F-11D3-BF4B-00C04F79EFBC}") = "Parser", "Parser\Parser.csproj", "{C63CD4E0-3E9E-4F6D-B21D-B4F514015FB4}"
EndProject
Project("{FAE04EC0-301F-11D3-BF4B-00C04F79EFBC}") = "HDL_Light", "HDL_Light\HDL_Light.csproj", "{4F56A3C6-693C-4D4E-BD27-1A732070972F}"
EndProject
Project("{FAE04EC0-301F-11D3-BF4B-00C04F79EFBC}") = "My_Editor", "My_Editor\My_Editor.csproj", "{6C55B776-26D4-4DB3-A6AB-87E783B2F3D1}"
EndProject
Project("{FAE04EC0-301F-11D3-BF4B-00C04F79EFBC}") = "ICSharpCode.AvalonEdit", "Avalon\ICSharpCode.AvalonEdit\ICSharpCode.AvalonEdit.csproj", "{35FAEC6A-5BAC-4A6D-9B27-D7AAAE1FFC1F}"
EndProject
Project("{FAE04EC0-301F-11D3-BF4B-00C04F79EFBC}") = "HDL_EditorExtension", "HDL_EditorExtension\HDL_EditorExtension.csproj", "{AF38D846-E794-47FF-B327-E816F77C1429}"
EndProject
Global
	GlobalSection(SolutionConfigurationPlatforms) = preSolution
		Debug|Any CPU = Debug|Any CPU
		Debug|Mixed Platforms = Debug|Mixed Platforms
		Debug|Net35 = Debug|Net35
		Debug|Net40 = Debug|Net40
		Debug|WithNRefactory = Debug|WithNRefactory
		Debug|x86 = Debug|x86
		Release|Any CPU = Release|Any CPU
		Release|Mixed Platforms = Release|Mixed Platforms
		Release|Net35 = Release|Net35
		Release|Net40 = Release|Net40
		Release|WithNRefactory = Release|WithNRefactory
		Release|x86 = Release|x86
	EndGlobalSection
	GlobalSection(ProjectConfigurationPlatforms) = postSolution
		{6D59ABA1-C75B-4B44-BAAC-0FA6B2F05B5F}.Debug|Any CPU.ActiveCfg = Debug|Any CPU
		{6D59ABA1-C75B-4B44-BAAC-0FA6B2F05B5F}.Debug|Any CPU.Build.0 = Debug|Any CPU
		{6D59ABA1-C75B-4B44-BAAC-0FA6B2F05B5F}.Debug|Mixed Platforms.ActiveCfg = Debug|Any CPU
		{6D59ABA1-C75B-4B44-BAAC-0FA6B2F05B5F}.Debug|Mixed Platforms.Build.0 = Debug|Any CPU
		{6D59ABA1-C75B-4B44-BAAC-0FA6B2F05B5F}.Debug|Net35.ActiveCfg = Debug|Any CPU
		{6D59ABA1-C75B-4B44-BAAC-0FA6B2F05B5F}.Debug|Net40.ActiveCfg = Debug|Any CPU
		{6D59ABA1-C75B-4B44-BAAC-0FA6B2F05B5F}.Debug|WithNRefactory.ActiveCfg = Debug|Any CPU
		{6D59ABA1-C75B-4B44-BAAC-0FA6B2F05B5F}.Debug|x86.ActiveCfg = Debug|Any CPU
		{6D59ABA1-C75B-4B44-BAAC-0FA6B2F05B5F}.Release|Any CPU.ActiveCfg = Release|Any CPU
		{6D59ABA1-C75B-4B44-BAAC-0FA6B2F05B5F}.Release|Any CPU.Build.0 = Release|Any CPU
		{6D59ABA1-C75B-4B44-BAAC-0FA6B2F05B5F}.Release|Mixed Platforms.ActiveCfg = Release|Any CPU
		{6D59ABA1-C75B-4B44-BAAC-0FA6B2F05B5F}.Release|Mixed Platforms.Build.0 = Release|Any CPU
		{6D59ABA1-C75B-4B44-BAAC-0FA6B2F05B5F}.Release|Net35.ActiveCfg = Release|Any CPU
		{6D59ABA1-C75B-4B44-BAAC-0FA6B2F05B5F}.Release|Net40.ActiveCfg = Release|Any CPU
		{6D59ABA1-C75B-4B44-BAAC-0FA6B2F05B5F}.Release|WithNRefactory.ActiveCfg = Release|Any CPU
		{6D59ABA1-C75B-4B44-BAAC-0FA6B2F05B5F}.Release|x86.ActiveCfg = Release|Any CPU
		{B9810DF6-0706-4ADE-A714-F22D13ED6934}.Debug|Any CPU.ActiveCfg = Debug|Any CPU
		{B9810DF6-0706-4ADE-A714-F22D13ED6934}.Debug|Any CPU.Build.0 = Debug|Any CPU
		{B9810DF6-0706-4ADE-A714-F22D13ED6934}.Debug|Mixed Platforms.ActiveCfg = Debug|Any CPU
		{B9810DF6-0706-4ADE-A714-F22D13ED6934}.Debug|Mixed Platforms.Build.0 = Debug|Any CPU
		{B9810DF6-0706-4ADE-A714-F22D13ED6934}.Debug|Net35.ActiveCfg = Debug|Any CPU
		{B9810DF6-0706-4ADE-A714-F22D13ED6934}.Debug|Net40.ActiveCfg = Debug|Any CPU
		{B9810DF6-0706-4ADE-A714-F22D13ED6934}.Debug|WithNRefactory.ActiveCfg = Debug|Any CPU
		{B9810DF6-0706-4ADE-A714-F22D13ED6934}.Debug|x86.ActiveCfg = Debug|Any CPU
		{B9810DF6-0706-4ADE-A714-F22D13ED6934}.Release|Any CPU.ActiveCfg = Release|Any CPU
		{B9810DF6-0706-4ADE-A714-F22D13ED6934}.Release|Any CPU.Build.0 = Release|Any CPU
		{B9810DF6-0706-4ADE-A714-F22D13ED6934}.Release|Mixed Platforms.ActiveCfg = Release|Any CPU
		{B9810DF6-0706-4ADE-A714-F22D13ED6934}.Release|Mixed Platforms.Build.0 = Release|Any CPU
		{B9810DF6-0706-4ADE-A714-F22D13ED6934}.Release|Net35.ActiveCfg = Release|Any CPU
		{B9810DF6-0706-4ADE-A714-F22D13ED6934}.Release|Net40.ActiveCfg = Release|Any CPU
		{B9810DF6-0706-4ADE-A714-F22D13ED6934}.Release|WithNRefactory.ActiveCfg = Release|Any CPU
		{B9810DF6-0706-4ADE-A714-F22D13ED6934}.Release|x86.ActiveCfg = Release|Any CPU
		{BC4213CF-B989-47AA-A3F9-39269FB2CE01}.Debug|Any CPU.ActiveCfg = Debug|Any CPU
		{BC4213CF-B989-47AA-A3F9-39269FB2CE01}.Debug|Any CPU.Build.0 = Debug|Any CPU
		{BC4213CF-B989-47AA-A3F9-39269FB2CE01}.Debug|Mixed Platforms.ActiveCfg = Debug|Any CPU
		{BC4213CF-B989-47AA-A3F9-39269FB2CE01}.Debug|Mixed Platforms.Build.0 = Debug|Any CPU
		{BC4213CF-B989-47AA-A3F9-39269FB2CE01}.Debug|Net35.ActiveCfg = Debug|Any CPU
		{BC4213CF-B989-47AA-A3F9-39269FB2CE01}.Debug|Net40.ActiveCfg = Debug|Any CPU
		{BC4213CF-B989-47AA-A3F9-39269FB2CE01}.Debug|WithNRefactory.ActiveCfg = Debug|Any CPU
		{BC4213CF-B989-47AA-A3F9-39269FB2CE01}.Debug|x86.ActiveCfg = Debug|Any CPU
		{BC4213CF-B989-47AA-A3F9-39269FB2CE01}.Release|Any CPU.ActiveCfg = Release|Any CPU
		{BC4213CF-B989-47AA-A3F9-39269FB2CE01}.Release|Any CPU.Build.0 = Release|Any CPU
		{BC4213CF-B989-47AA-A3F9-39269FB2CE01}.Release|Mixed Platforms.ActiveCfg = Release|Any CPU
		{BC4213CF-B989-47AA-A3F9-39269FB2CE01}.Release|Mixed Platforms.Build.0 = Release|Any CPU
		{BC4213CF-B989-47AA-A3F9-39269FB2CE01}.Release|Net35.ActiveCfg = Release|Any CPU
		{BC4213CF-B989-47AA-A3F9-39269FB2CE01}.Release|Net40.ActiveCfg = Release|Any CPU
		{BC4213CF-B989-47AA-A3F9-39269FB2CE01}.Release|WithNRefactory.ActiveCfg = Release|Any CPU
		{BC4213CF-B989-47AA-A3F9-39269FB2CE01}.Release|x86.ActiveCfg = Release|Any CPU
		{8A4FA1B7-D7DE-4975-B69F-51CC4C6A72C7}.Debug|Any CPU.ActiveCfg = Debug|Any CPU
		{8A4FA1B7-D7DE-4975-B69F-51CC4C6A72C7}.Debug|Any CPU.Build.0 = Debug|Any CPU
		{8A4FA1B7-D7DE-4975-B69F-51CC4C6A72C7}.Debug|Mixed Platforms.ActiveCfg = Debug|Any CPU
		{8A4FA1B7-D7DE-4975-B69F-51CC4C6A72C7}.Debug|Mixed Platforms.Build.0 = Debug|Any CPU
		{8A4FA1B7-D7DE-4975-B69F-51CC4C6A72C7}.Debug|Net35.ActiveCfg = Debug|Any CPU
		{8A4FA1B7-D7DE-4975-B69F-51CC4C6A72C7}.Debug|Net40.ActiveCfg = Debug|Any CPU
		{8A4FA1B7-D7DE-4975-B69F-51CC4C6A72C7}.Debug|WithNRefactory.ActiveCfg = Debug|Any CPU
		{8A4FA1B7-D7DE-4975-B69F-51CC4C6A72C7}.Debug|x86.ActiveCfg = Debug|Any CPU
		{8A4FA1B7-D7DE-4975-B69F-51CC4C6A72C7}.Release|Any CPU.ActiveCfg = Release|Any CPU
		{8A4FA1B7-D7DE-4975-B69F-51CC4C6A72C7}.Release|Any CPU.Build.0 = Release|Any CPU
		{8A4FA1B7-D7DE-4975-B69F-51CC4C6A72C7}.Release|Mixed Platforms.ActiveCfg = Release|Any CPU
		{8A4FA1B7-D7DE-4975-B69F-51CC4C6A72C7}.Release|Mixed Platforms.Build.0 = Release|Any CPU
		{8A4FA1B7-D7DE-4975-B69F-51CC4C6A72C7}.Release|Net35.ActiveCfg = Release|Any CPU
		{8A4FA1B7-D7DE-4975-B69F-51CC4C6A72C7}.Release|Net40.ActiveCfg = Release|Any CPU
		{8A4FA1B7-D7DE-4975-B69F-51CC4C6A72C7}.Release|WithNRefactory.ActiveCfg = Release|Any CPU
		{8A4FA1B7-D7DE-4975-B69F-51CC4C6A72C7}.Release|x86.ActiveCfg = Release|Any CPU
		{5FC177AE-ACA2-4BCC-80D8-4A5FBD6E44A3}.Debug|Any CPU.ActiveCfg = Debug|Any CPU
		{5FC177AE-ACA2-4BCC-80D8-4A5FBD6E44A3}.Debug|Any CPU.Build.0 = Debug|Any CPU
		{5FC177AE-ACA2-4BCC-80D8-4A5FBD6E44A3}.Debug|Mixed Platforms.ActiveCfg = Debug|Any CPU
		{5FC177AE-ACA2-4BCC-80D8-4A5FBD6E44A3}.Debug|Mixed Platforms.Build.0 = Debug|Any CPU
		{5FC177AE-ACA2-4BCC-80D8-4A5FBD6E44A3}.Debug|Net35.ActiveCfg = Debug|Any CPU
		{5FC177AE-ACA2-4BCC-80D8-4A5FBD6E44A3}.Debug|Net40.ActiveCfg = Debug|Any CPU
		{5FC177AE-ACA2-4BCC-80D8-4A5FBD6E44A3}.Debug|WithNRefactory.ActiveCfg = Debug|Any CPU
		{5FC177AE-ACA2-4BCC-80D8-4A5FBD6E44A3}.Debug|x86.ActiveCfg = Debug|Any CPU
		{5FC177AE-ACA2-4BCC-80D8-4A5FBD6E44A3}.Release|Any CPU.ActiveCfg = Release|Any CPU
		{5FC177AE-ACA2-4BCC-80D8-4A5FBD6E44A3}.Release|Any CPU.Build.0 = Release|Any CPU
		{5FC177AE-ACA2-4BCC-80D8-4A5FBD6E44A3}.Release|Mixed Platforms.ActiveCfg = Release|Any CPU
		{5FC177AE-ACA2-4BCC-80D8-4A5FBD6E44A3}.Release|Mixed Platforms.Build.0 = Release|Any CPU
		{5FC177AE-ACA2-4BCC-80D8-4A5FBD6E44A3}.Release|Net35.ActiveCfg = Release|Any CPU
		{5FC177AE-ACA2-4BCC-80D8-4A5FBD6E44A3}.Release|Net40.ActiveCfg = Release|Any CPU
		{5FC177AE-ACA2-4BCC-80D8-4A5FBD6E44A3}.Release|WithNRefactory.ActiveCfg = Release|Any CPU
		{5FC177AE-ACA2-4BCC-80D8-4A5FBD6E44A3}.Release|x86.ActiveCfg = Release|Any CPU
		{8F896377-8D25-46B8-927E-3B6F818B0FF8}.Debug|Any CPU.ActiveCfg = Debug|Any CPU
		{8F896377-8D25-46B8-927E-3B6F818B0FF8}.Debug|Any CPU.Build.0 = Debug|Any CPU
		{8F896377-8D25-46B8-927E-3B6F818B0FF8}.Debug|Mixed Platforms.ActiveCfg = Debug|Any CPU
		{8F896377-8D25-46B8-927E-3B6F818B0FF8}.Debug|Mixed Platforms.Build.0 = Debug|Any CPU
		{8F896377-8D25-46B8-927E-3B6F818B0FF8}.Debug|Net35.ActiveCfg = Debug|Any CPU
		{8F896377-8D25-46B8-927E-3B6F818B0FF8}.Debug|Net40.ActiveCfg = Debug|Any CPU
		{8F896377-8D25-46B8-927E-3B6F818B0FF8}.Debug|WithNRefactory.ActiveCfg = Debug|Any CPU
		{8F896377-8D25-46B8-927E-3B6F818B0FF8}.Debug|x86.ActiveCfg = Debug|Any CPU
		{8F896377-8D25-46B8-927E-3B6F818B0FF8}.Release|Any CPU.ActiveCfg = Release|Any CPU
		{8F896377-8D25-46B8-927E-3B6F818B0FF8}.Release|Any CPU.Build.0 = Release|Any CPU
		{8F896377-8D25-46B8-927E-3B6F818B0FF8}.Release|Mixed Platforms.ActiveCfg = Release|Any CPU
		{8F896377-8D25-46B8-927E-3B6F818B0FF8}.Release|Mixed Platforms.Build.0 = Release|Any CPU
		{8F896377-8D25-46B8-927E-3B6F818B0FF8}.Release|Net35.ActiveCfg = Release|Any CPU
		{8F896377-8D25-46B8-927E-3B6F818B0FF8}.Release|Net40.ActiveCfg = Release|Any CPU
		{8F896377-8D25-46B8-927E-3B6F818B0FF8}.Release|WithNRefactory.ActiveCfg = Release|Any CPU
		{8F896377-8D25-46B8-927E-3B6F818B0FF8}.Release|x86.ActiveCfg = Release|Any CPU
		{9591F671-2578-4B75-9A4B-FF96F823135A}.Debug|Any CPU.ActiveCfg = Debug|Any CPU
		{9591F671-2578-4B75-9A4B-FF96F823135A}.Debug|Any CPU.Build.0 = Debug|Any CPU
		{9591F671-2578-4B75-9A4B-FF96F823135A}.Debug|Mixed Platforms.ActiveCfg = Debug|Any CPU
		{9591F671-2578-4B75-9A4B-FF96F823135A}.Debug|Mixed Platforms.Build.0 = Debug|Any CPU
		{9591F671-2578-4B75-9A4B-FF96F823135A}.Debug|Net35.ActiveCfg = Debug|Any CPU
		{9591F671-2578-4B75-9A4B-FF96F823135A}.Debug|Net40.ActiveCfg = Debug|Any CPU
		{9591F671-2578-4B75-9A4B-FF96F823135A}.Debug|WithNRefactory.ActiveCfg = Debug|Any CPU
		{9591F671-2578-4B75-9A4B-FF96F823135A}.Debug|x86.ActiveCfg = Debug|Any CPU
		{9591F671-2578-4B75-9A4B-FF96F823135A}.Release|Any CPU.ActiveCfg = Release|Any CPU
		{9591F671-2578-4B75-9A4B-FF96F823135A}.Release|Any CPU.Build.0 = Release|Any CPU
		{9591F671-2578-4B75-9A4B-FF96F823135A}.Release|Mixed Platforms.ActiveCfg = Release|Any CPU
		{9591F671-2578-4B75-9A4B-FF96F823135A}.Release|Mixed Platforms.Build.0 = Release|Any CPU
		{9591F671-2578-4B75-9A4B-FF96F823135A}.Release|Net35.ActiveCfg = Release|Any CPU
		{9591F671-2578-4B75-9A4B-FF96F823135A}.Release|Net40.ActiveCfg = Release|Any CPU
		{9591F671-2578-4B75-9A4B-FF96F823135A}.Release|WithNRefactory.ActiveCfg = Release|Any CPU
		{9591F671-2578-4B75-9A4B-FF96F823135A}.Release|x86.ActiveCfg = Release|Any CPU
		{1B9E7B24-C8C3-47FA-8AC5-2278B08C8571}.Debug|Any CPU.ActiveCfg = Debug|Any CPU
		{1B9E7B24-C8C3-47FA-8AC5-2278B08C8571}.Debug|Any CPU.Build.0 = Debug|Any CPU
		{1B9E7B24-C8C3-47FA-8AC5-2278B08C8571}.Debug|Mixed Platforms.ActiveCfg = Debug|Any CPU
		{1B9E7B24-C8C3-47FA-8AC5-2278B08C8571}.Debug|Mixed Platforms.Build.0 = Debug|Any CPU
		{1B9E7B24-C8C3-47FA-8AC5-2278B08C8571}.Debug|Net35.ActiveCfg = Debug|Any CPU
		{1B9E7B24-C8C3-47FA-8AC5-2278B08C8571}.Debug|Net40.ActiveCfg = Debug|Any CPU
		{1B9E7B24-C8C3-47FA-8AC5-2278B08C8571}.Debug|WithNRefactory.ActiveCfg = Debug|Any CPU
		{1B9E7B24-C8C3-47FA-8AC5-2278B08C8571}.Debug|x86.ActiveCfg = Debug|Any CPU
		{1B9E7B24-C8C3-47FA-8AC5-2278B08C8571}.Release|Any CPU.ActiveCfg = Release|Any CPU
		{1B9E7B24-C8C3-47FA-8AC5-2278B08C8571}.Release|Any CPU.Build.0 = Release|Any CPU
		{1B9E7B24-C8C3-47FA-8AC5-2278B08C8571}.Release|Mixed Platforms.ActiveCfg = Release|Any CPU
		{1B9E7B24-C8C3-47FA-8AC5-2278B08C8571}.Release|Mixed Platforms.Build.0 = Release|Any CPU
		{1B9E7B24-C8C3-47FA-8AC5-2278B08C8571}.Release|Net35.ActiveCfg = Release|Any CPU
		{1B9E7B24-C8C3-47FA-8AC5-2278B08C8571}.Release|Net40.ActiveCfg = Release|Any CPU
		{1B9E7B24-C8C3-47FA-8AC5-2278B08C8571}.Release|WithNRefactory.ActiveCfg = Release|Any CPU
		{1B9E7B24-C8C3-47FA-8AC5-2278B08C8571}.Release|x86.ActiveCfg = Release|Any CPU
		{DB81988F-E0F2-45A0-A1FD-8C37F3D35244}.Debug|Any CPU.ActiveCfg = Debug|Any CPU
		{DB81988F-E0F2-45A0-A1FD-8C37F3D35244}.Debug|Any CPU.Build.0 = Debug|Any CPU
		{DB81988F-E0F2-45A0-A1FD-8C37F3D35244}.Debug|Mixed Platforms.ActiveCfg = Debug|Any CPU
		{DB81988F-E0F2-45A0-A1FD-8C37F3D35244}.Debug|Mixed Platforms.Build.0 = Debug|Any CPU
		{DB81988F-E0F2-45A0-A1FD-8C37F3D35244}.Debug|Net35.ActiveCfg = Debug|Any CPU
		{DB81988F-E0F2-45A0-A1FD-8C37F3D35244}.Debug|Net40.ActiveCfg = Debug|Any CPU
		{DB81988F-E0F2-45A0-A1FD-8C37F3D35244}.Debug|WithNRefactory.ActiveCfg = Debug|Any CPU
		{DB81988F-E0F2-45A0-A1FD-8C37F3D35244}.Debug|x86.ActiveCfg = Debug|Any CPU
		{DB81988F-E0F2-45A0-A1FD-8C37F3D35244}.Release|Any CPU.ActiveCfg = Release|Any CPU
		{DB81988F-E0F2-45A0-A1FD-8C37F3D35244}.Release|Any CPU.Build.0 = Release|Any CPU
		{DB81988F-E0F2-45A0-A1FD-8C37F3D35244}.Release|Mixed Platforms.ActiveCfg = Release|Any CPU
		{DB81988F-E0F2-45A0-A1FD-8C37F3D35244}.Release|Mixed Platforms.Build.0 = Release|Any CPU
		{DB81988F-E0F2-45A0-A1FD-8C37F3D35244}.Release|Net35.ActiveCfg = Release|Any CPU
		{DB81988F-E0F2-45A0-A1FD-8C37F3D35244}.Release|Net40.ActiveCfg = Release|Any CPU
		{DB81988F-E0F2-45A0-A1FD-8C37F3D35244}.Release|WithNRefactory.ActiveCfg = Release|Any CPU
		{DB81988F-E0F2-45A0-A1FD-8C37F3D35244}.Release|x86.ActiveCfg = Release|Any CPU
		{339BC0D5-2A54-40ED-9850-7ED65182E6E1}.Debug|Any CPU.ActiveCfg = Debug|x86
		{339BC0D5-2A54-40ED-9850-7ED65182E6E1}.Debug|Mixed Platforms.ActiveCfg = Debug|x86
		{339BC0D5-2A54-40ED-9850-7ED65182E6E1}.Debug|Mixed Platforms.Build.0 = Debug|x86
		{339BC0D5-2A54-40ED-9850-7ED65182E6E1}.Debug|Net35.ActiveCfg = Debug|x86
		{339BC0D5-2A54-40ED-9850-7ED65182E6E1}.Debug|Net40.ActiveCfg = Debug|x86
		{339BC0D5-2A54-40ED-9850-7ED65182E6E1}.Debug|WithNRefactory.ActiveCfg = Debug|x86
		{339BC0D5-2A54-40ED-9850-7ED65182E6E1}.Debug|x86.ActiveCfg = Debug|x86
		{339BC0D5-2A54-40ED-9850-7ED65182E6E1}.Debug|x86.Build.0 = Debug|x86
		{339BC0D5-2A54-40ED-9850-7ED65182E6E1}.Release|Any CPU.ActiveCfg = Release|x86
		{339BC0D5-2A54-40ED-9850-7ED65182E6E1}.Release|Mixed Platforms.ActiveCfg = Release|x86
		{339BC0D5-2A54-40ED-9850-7ED65182E6E1}.Release|Mixed Platforms.Build.0 = Release|x86
		{339BC0D5-2A54-40ED-9850-7ED65182E6E1}.Release|Net35.ActiveCfg = Release|x86
		{339BC0D5-2A54-40ED-9850-7ED65182E6E1}.Release|Net40.ActiveCfg = Release|x86
		{339BC0D5-2A54-40ED-9850-7ED65182E6E1}.Release|WithNRefactory.ActiveCfg = Release|x86
		{339BC0D5-2A54-40ED-9850-7ED65182E6E1}.Release|x86.ActiveCfg = Release|x86
		{339BC0D5-2A54-40ED-9850-7ED65182E6E1}.Release|x86.Build.0 = Release|x86
		{B3FC3E21-5F2D-4581-AEA2-59F671CFFC21}.Debug|Any CPU.ActiveCfg = Debug|Any CPU
		{B3FC3E21-5F2D-4581-AEA2-59F671CFFC21}.Debug|Any CPU.Build.0 = Debug|Any CPU
		{B3FC3E21-5F2D-4581-AEA2-59F671CFFC21}.Debug|Mixed Platforms.ActiveCfg = Debug|Any CPU
		{B3FC3E21-5F2D-4581-AEA2-59F671CFFC21}.Debug|Mixed Platforms.Build.0 = Debug|Any CPU
		{B3FC3E21-5F2D-4581-AEA2-59F671CFFC21}.Debug|Net35.ActiveCfg = Debug|Any CPU
		{B3FC3E21-5F2D-4581-AEA2-59F671CFFC21}.Debug|Net40.ActiveCfg = Debug|Any CPU
		{B3FC3E21-5F2D-4581-AEA2-59F671CFFC21}.Debug|WithNRefactory.ActiveCfg = Debug|Any CPU
		{B3FC3E21-5F2D-4581-AEA2-59F671CFFC21}.Debug|x86.ActiveCfg = Debug|Any CPU
		{B3FC3E21-5F2D-4581-AEA2-59F671CFFC21}.Release|Any CPU.ActiveCfg = Release|Any CPU
		{B3FC3E21-5F2D-4581-AEA2-59F671CFFC21}.Release|Any CPU.Build.0 = Release|Any CPU
		{B3FC3E21-5F2D-4581-AEA2-59F671CFFC21}.Release|Mixed Platforms.ActiveCfg = Release|Any CPU
		{B3FC3E21-5F2D-4581-AEA2-59F671CFFC21}.Release|Mixed Platforms.Build.0 = Release|Any CPU
		{B3FC3E21-5F2D-4581-AEA2-59F671CFFC21}.Release|Net35.ActiveCfg = Release|Any CPU
		{B3FC3E21-5F2D-4581-AEA2-59F671CFFC21}.Release|Net40.ActiveCfg = Release|Any CPU
		{B3FC3E21-5F2D-4581-AEA2-59F671CFFC21}.Release|WithNRefactory.ActiveCfg = Release|Any CPU
		{B3FC3E21-5F2D-4581-AEA2-59F671CFFC21}.Release|x86.ActiveCfg = Release|Any CPU
		{BA72CCE0-A9FB-4995-B496-7FEC5C87B85B}.Debug|Any CPU.ActiveCfg = Debug|Any CPU
		{BA72CCE0-A9FB-4995-B496-7FEC5C87B85B}.Debug|Any CPU.Build.0 = Debug|Any CPU
		{BA72CCE0-A9FB-4995-B496-7FEC5C87B85B}.Debug|Mixed Platforms.ActiveCfg = Debug|Any CPU
		{BA72CCE0-A9FB-4995-B496-7FEC5C87B85B}.Debug|Mixed Platforms.Build.0 = Debug|Any CPU
		{BA72CCE0-A9FB-4995-B496-7FEC5C87B85B}.Debug|Net35.ActiveCfg = Debug|Any CPU
		{BA72CCE0-A9FB-4995-B496-7FEC5C87B85B}.Debug|Net40.ActiveCfg = Debug|Any CPU
		{BA72CCE0-A9FB-4995-B496-7FEC5C87B85B}.Debug|WithNRefactory.ActiveCfg = Debug|Any CPU
		{BA72CCE0-A9FB-4995-B496-7FEC5C87B85B}.Debug|x86.ActiveCfg = Debug|Any CPU
		{BA72CCE0-A9FB-4995-B496-7FEC5C87B85B}.Release|Any CPU.ActiveCfg = Release|Any CPU
		{BA72CCE0-A9FB-4995-B496-7FEC5C87B85B}.Release|Any CPU.Build.0 = Release|Any CPU
		{BA72CCE0-A9FB-4995-B496-7FEC5C87B85B}.Release|Mixed Platforms.ActiveCfg = Release|Any CPU
		{BA72CCE0-A9FB-4995-B496-7FEC5C87B85B}.Release|Mixed Platforms.Build.0 = Release|Any CPU
		{BA72CCE0-A9FB-4995-B496-7FEC5C87B85B}.Release|Net35.ActiveCfg = Release|Any CPU
		{BA72CCE0-A9FB-4995-B496-7FEC5C87B85B}.Release|Net40.ActiveCfg = Release|Any CPU
		{BA72CCE0-A9FB-4995-B496-7FEC5C87B85B}.Release|WithNRefactory.ActiveCfg = Release|Any CPU
		{BA72CCE0-A9FB-4995-B496-7FEC5C87B85B}.Release|x86.ActiveCfg = Release|Any CPU
		{488DD8F7-9D3C-4F53-BD1F-84A095D9BC10}.Debug|Any CPU.ActiveCfg = Debug|Any CPU
		{488DD8F7-9D3C-4F53-BD1F-84A095D9BC10}.Debug|Any CPU.Build.0 = Debug|Any CPU
		{488DD8F7-9D3C-4F53-BD1F-84A095D9BC10}.Debug|Mixed Platforms.ActiveCfg = Debug|Any CPU
		{488DD8F7-9D3C-4F53-BD1F-84A095D9BC10}.Debug|Mixed Platforms.Build.0 = Debug|Any CPU
		{488DD8F7-9D3C-4F53-BD1F-84A095D9BC10}.Debug|Net35.ActiveCfg = Debug|Any CPU
		{488DD8F7-9D3C-4F53-BD1F-84A095D9BC10}.Debug|Net40.ActiveCfg = Debug|Any CPU
		{488DD8F7-9D3C-4F53-BD1F-84A095D9BC10}.Debug|WithNRefactory.ActiveCfg = Debug|Any CPU
		{488DD8F7-9D3C-4F53-BD1F-84A095D9BC10}.Debug|x86.ActiveCfg = Debug|Any CPU
		{488DD8F7-9D3C-4F53-BD1F-84A095D9BC10}.Release|Any CPU.ActiveCfg = Release|Any CPU
		{488DD8F7-9D3C-4F53-BD1F-84A095D9BC10}.Release|Any CPU.Build.0 = Release|Any CPU
		{488DD8F7-9D3C-4F53-BD1F-84A095D9BC10}.Release|Mixed Platforms.ActiveCfg = Release|Any CPU
		{488DD8F7-9D3C-4F53-BD1F-84A095D9BC10}.Release|Mixed Platforms.Build.0 = Release|Any CPU
		{488DD8F7-9D3C-4F53-BD1F-84A095D9BC10}.Release|Net35.ActiveCfg = Release|Any CPU
		{488DD8F7-9D3C-4F53-BD1F-84A095D9BC10}.Release|Net40.ActiveCfg = Release|Any CPU
		{488DD8F7-9D3C-4F53-BD1F-84A095D9BC10}.Release|WithNRefactory.ActiveCfg = Release|Any CPU
		{488DD8F7-9D3C-4F53-BD1F-84A095D9BC10}.Release|x86.ActiveCfg = Release|Any CPU
		{89286EB4-B4A1-418C-839A-067B00F442D8}.Debug|Any CPU.ActiveCfg = Debug|Any CPU
		{89286EB4-B4A1-418C-839A-067B00F442D8}.Debug|Any CPU.Build.0 = Debug|Any CPU
		{89286EB4-B4A1-418C-839A-067B00F442D8}.Debug|Mixed Platforms.ActiveCfg = Debug|Any CPU
		{89286EB4-B4A1-418C-839A-067B00F442D8}.Debug|Mixed Platforms.Build.0 = Debug|Any CPU
		{89286EB4-B4A1-418C-839A-067B00F442D8}.Debug|Net35.ActiveCfg = Debug|Any CPU
		{89286EB4-B4A1-418C-839A-067B00F442D8}.Debug|Net40.ActiveCfg = Debug|Any CPU
		{89286EB4-B4A1-418C-839A-067B00F442D8}.Debug|WithNRefactory.ActiveCfg = Debug|Any CPU
		{89286EB4-B4A1-418C-839A-067B00F442D8}.Debug|x86.ActiveCfg = Debug|Any CPU
		{89286EB4-B4A1-418C-839A-067B00F442D8}.Release|Any CPU.ActiveCfg = Release|Any CPU
		{89286EB4-B4A1-418C-839A-067B00F442D8}.Release|Any CPU.Build.0 = Release|Any CPU
		{89286EB4-B4A1-418C-839A-067B00F442D8}.Release|Mixed Platforms.ActiveCfg = Release|Any CPU
		{89286EB4-B4A1-418C-839A-067B00F442D8}.Release|Mixed Platforms.Build.0 = Release|Any CPU
		{89286EB4-B4A1-418C-839A-067B00F442D8}.Release|Net35.ActiveCfg = Release|Any CPU
		{89286EB4-B4A1-418C-839A-067B00F442D8}.Release|Net40.ActiveCfg = Release|Any CPU
		{89286EB4-B4A1-418C-839A-067B00F442D8}.Release|WithNRefactory.ActiveCfg = Release|Any CPU
		{89286EB4-B4A1-418C-839A-067B00F442D8}.Release|x86.ActiveCfg = Release|Any CPU
		{9581E8F6-EDD9-463E-BFB8-AFA1D8673884}.Debug|Any CPU.ActiveCfg = Debug|Any CPU
		{9581E8F6-EDD9-463E-BFB8-AFA1D8673884}.Debug|Any CPU.Build.0 = Debug|Any CPU
		{9581E8F6-EDD9-463E-BFB8-AFA1D8673884}.Debug|Mixed Platforms.ActiveCfg = Debug|Any CPU
		{9581E8F6-EDD9-463E-BFB8-AFA1D8673884}.Debug|Mixed Platforms.Build.0 = Debug|Any CPU
		{9581E8F6-EDD9-463E-BFB8-AFA1D8673884}.Debug|Net35.ActiveCfg = Debug|Any CPU
		{9581E8F6-EDD9-463E-BFB8-AFA1D8673884}.Debug|Net40.ActiveCfg = Debug|Any CPU
		{9581E8F6-EDD9-463E-BFB8-AFA1D8673884}.Debug|WithNRefactory.ActiveCfg = Debug|Any CPU
		{9581E8F6-EDD9-463E-BFB8-AFA1D8673884}.Debug|x86.ActiveCfg = Debug|Any CPU
		{9581E8F6-EDD9-463E-BFB8-AFA1D8673884}.Release|Any CPU.ActiveCfg = Release|Any CPU
		{9581E8F6-EDD9-463E-BFB8-AFA1D8673884}.Release|Any CPU.Build.0 = Release|Any CPU
		{9581E8F6-EDD9-463E-BFB8-AFA1D8673884}.Release|Mixed Platforms.ActiveCfg = Release|Any CPU
		{9581E8F6-EDD9-463E-BFB8-AFA1D8673884}.Release|Mixed Platforms.Build.0 = Release|Any CPU
		{9581E8F6-EDD9-463E-BFB8-AFA1D8673884}.Release|Net35.ActiveCfg = Release|Any CPU
		{9581E8F6-EDD9-463E-BFB8-AFA1D8673884}.Release|Net40.ActiveCfg = Release|Any CPU
		{9581E8F6-EDD9-463E-BFB8-AFA1D8673884}.Release|WithNRefactory.ActiveCfg = Release|Any CPU
		{9581E8F6-EDD9-463E-BFB8-AFA1D8673884}.Release|x86.ActiveCfg = Release|Any CPU
		{2546F94A-D239-46E7-934B-3FED568F98B9}.Debug|Any CPU.ActiveCfg = Debug|Any CPU
		{2546F94A-D239-46E7-934B-3FED568F98B9}.Debug|Any CPU.Build.0 = Debug|Any CPU
		{2546F94A-D239-46E7-934B-3FED568F98B9}.Debug|Mixed Platforms.ActiveCfg = Debug|Any CPU
		{2546F94A-D239-46E7-934B-3FED568F98B9}.Debug|Mixed Platforms.Build.0 = Debug|Any CPU
		{2546F94A-D239-46E7-934B-3FED568F98B9}.Debug|Net35.ActiveCfg = Debug|Any CPU
		{2546F94A-D239-46E7-934B-3FED568F98B9}.Debug|Net40.ActiveCfg = Debug|Any CPU
		{2546F94A-D239-46E7-934B-3FED568F98B9}.Debug|WithNRefactory.ActiveCfg = Debug|Any CPU
		{2546F94A-D239-46E7-934B-3FED568F98B9}.Debug|x86.ActiveCfg = Debug|Any CPU
		{2546F94A-D239-46E7-934B-3FED568F98B9}.Release|Any CPU.ActiveCfg = Release|Any CPU
		{2546F94A-D239-46E7-934B-3FED568F98B9}.Release|Any CPU.Build.0 = Release|Any CPU
		{2546F94A-D239-46E7-934B-3FED568F98B9}.Release|Mixed Platforms.ActiveCfg = Release|Any CPU
		{2546F94A-D239-46E7-934B-3FED568F98B9}.Release|Mixed Platforms.Build.0 = Release|Any CPU
		{2546F94A-D239-46E7-934B-3FED568F98B9}.Release|Net35.ActiveCfg = Release|Any CPU
		{2546F94A-D239-46E7-934B-3FED568F98B9}.Release|Net40.ActiveCfg = Release|Any CPU
		{2546F94A-D239-46E7-934B-3FED568F98B9}.Release|WithNRefactory.ActiveCfg = Release|Any CPU
		{2546F94A-D239-46E7-934B-3FED568F98B9}.Release|x86.ActiveCfg = Release|Any CPU
		{74BDB369-74A9-4A67-AE58-4DE3D3F55A5F}.Debug|Any CPU.ActiveCfg = Debug|Any CPU
		{74BDB369-74A9-4A67-AE58-4DE3D3F55A5F}.Debug|Any CPU.Build.0 = Debug|Any CPU
		{74BDB369-74A9-4A67-AE58-4DE3D3F55A5F}.Debug|Mixed Platforms.ActiveCfg = Debug|Any CPU
		{74BDB369-74A9-4A67-AE58-4DE3D3F55A5F}.Debug|Mixed Platforms.Build.0 = Debug|Any CPU
		{74BDB369-74A9-4A67-AE58-4DE3D3F55A5F}.Debug|Net35.ActiveCfg = Debug|Any CPU
		{74BDB369-74A9-4A67-AE58-4DE3D3F55A5F}.Debug|Net40.ActiveCfg = Debug|Any CPU
		{74BDB369-74A9-4A67-AE58-4DE3D3F55A5F}.Debug|WithNRefactory.ActiveCfg = Debug|Any CPU
		{74BDB369-74A9-4A67-AE58-4DE3D3F55A5F}.Debug|x86.ActiveCfg = Debug|Any CPU
		{74BDB369-74A9-4A67-AE58-4DE3D3F55A5F}.Release|Any CPU.ActiveCfg = Release|Any CPU
		{74BDB369-74A9-4A67-AE58-4DE3D3F55A5F}.Release|Any CPU.Build.0 = Release|Any CPU
		{74BDB369-74A9-4A67-AE58-4DE3D3F55A5F}.Release|Mixed Platforms.ActiveCfg = Release|Any CPU
		{74BDB369-74A9-4A67-AE58-4DE3D3F55A5F}.Release|Mixed Platforms.Build.0 = Release|Any CPU
		{74BDB369-74A9-4A67-AE58-4DE3D3F55A5F}.Release|Net35.ActiveCfg = Release|Any CPU
		{74BDB369-74A9-4A67-AE58-4DE3D3F55A5F}.Release|Net40.ActiveCfg = Release|Any CPU
		{74BDB369-74A9-4A67-AE58-4DE3D3F55A5F}.Release|WithNRefactory.ActiveCfg = Release|Any CPU
		{74BDB369-74A9-4A67-AE58-4DE3D3F55A5F}.Release|x86.ActiveCfg = Release|Any CPU
		{55456D2F-4CB7-483E-A57B-E36F4F8FD1B2}.Debug|Any CPU.ActiveCfg = Debug|Any CPU
		{55456D2F-4CB7-483E-A57B-E36F4F8FD1B2}.Debug|Any CPU.Build.0 = Debug|Any CPU
		{55456D2F-4CB7-483E-A57B-E36F4F8FD1B2}.Debug|Mixed Platforms.ActiveCfg = Debug|Any CPU
		{55456D2F-4CB7-483E-A57B-E36F4F8FD1B2}.Debug|Mixed Platforms.Build.0 = Debug|Any CPU
		{55456D2F-4CB7-483E-A57B-E36F4F8FD1B2}.Debug|Net35.ActiveCfg = Debug|Any CPU
		{55456D2F-4CB7-483E-A57B-E36F4F8FD1B2}.Debug|Net40.ActiveCfg = Debug|Any CPU
		{55456D2F-4CB7-483E-A57B-E36F4F8FD1B2}.Debug|WithNRefactory.ActiveCfg = Debug|Any CPU
		{55456D2F-4CB7-483E-A57B-E36F4F8FD1B2}.Debug|x86.ActiveCfg = Debug|Any CPU
		{55456D2F-4CB7-483E-A57B-E36F4F8FD1B2}.Release|Any CPU.ActiveCfg = Release|Any CPU
		{55456D2F-4CB7-483E-A57B-E36F4F8FD1B2}.Release|Any CPU.Build.0 = Release|Any CPU
		{55456D2F-4CB7-483E-A57B-E36F4F8FD1B2}.Release|Mixed Platforms.ActiveCfg = Release|Any CPU
		{55456D2F-4CB7-483E-A57B-E36F4F8FD1B2}.Release|Mixed Platforms.Build.0 = Release|Any CPU
		{55456D2F-4CB7-483E-A57B-E36F4F8FD1B2}.Release|Net35.ActiveCfg = Release|Any CPU
		{55456D2F-4CB7-483E-A57B-E36F4F8FD1B2}.Release|Net40.ActiveCfg = Release|Any CPU
		{55456D2F-4CB7-483E-A57B-E36F4F8FD1B2}.Release|WithNRefactory.ActiveCfg = Release|Any CPU
		{55456D2F-4CB7-483E-A57B-E36F4F8FD1B2}.Release|x86.ActiveCfg = Release|Any CPU
		{F1DD26BF-235B-497C-8904-EC0F849E4623}.Debug|Any CPU.ActiveCfg = Debug|Any CPU
		{F1DD26BF-235B-497C-8904-EC0F849E4623}.Debug|Any CPU.Build.0 = Debug|Any CPU
		{F1DD26BF-235B-497C-8904-EC0F849E4623}.Debug|Mixed Platforms.ActiveCfg = Debug|Any CPU
		{F1DD26BF-235B-497C-8904-EC0F849E4623}.Debug|Mixed Platforms.Build.0 = Debug|Any CPU
		{F1DD26BF-235B-497C-8904-EC0F849E4623}.Debug|Net35.ActiveCfg = Debug|Any CPU
		{F1DD26BF-235B-497C-8904-EC0F849E4623}.Debug|Net40.ActiveCfg = Debug|Any CPU
		{F1DD26BF-235B-497C-8904-EC0F849E4623}.Debug|WithNRefactory.ActiveCfg = Debug|Any CPU
		{F1DD26BF-235B-497C-8904-EC0F849E4623}.Debug|x86.ActiveCfg = Debug|Any CPU
		{F1DD26BF-235B-497C-8904-EC0F849E4623}.Release|Any CPU.ActiveCfg = Release|Any CPU
		{F1DD26BF-235B-497C-8904-EC0F849E4623}.Release|Any CPU.Build.0 = Release|Any CPU
		{F1DD26BF-235B-497C-8904-EC0F849E4623}.Release|Mixed Platforms.ActiveCfg = Release|Any CPU
		{F1DD26BF-235B-497C-8904-EC0F849E4623}.Release|Mixed Platforms.Build.0 = Release|Any CPU
		{F1DD26BF-235B-497C-8904-EC0F849E4623}.Release|Net35.ActiveCfg = Release|Any CPU
		{F1DD26BF-235B-497C-8904-EC0F849E4623}.Release|Net40.ActiveCfg = Release|Any CPU
		{F1DD26BF-235B-497C-8904-EC0F849E4623}.Release|WithNRefactory.ActiveCfg = Release|Any CPU
		{F1DD26BF-235B-497C-8904-EC0F849E4623}.Release|x86.ActiveCfg = Release|Any CPU
		{737CC7F2-EC7C-4800-B7EB-72637E892C42}.Debug|Any CPU.ActiveCfg = Debug|Any CPU
		{737CC7F2-EC7C-4800-B7EB-72637E892C42}.Debug|Any CPU.Build.0 = Debug|Any CPU
		{737CC7F2-EC7C-4800-B7EB-72637E892C42}.Debug|Mixed Platforms.ActiveCfg = Debug|Any CPU
		{737CC7F2-EC7C-4800-B7EB-72637E892C42}.Debug|Mixed Platforms.Build.0 = Debug|Any CPU
		{737CC7F2-EC7C-4800-B7EB-72637E892C42}.Debug|Net35.ActiveCfg = Debug|Any CPU
		{737CC7F2-EC7C-4800-B7EB-72637E892C42}.Debug|Net40.ActiveCfg = Debug|Any CPU
		{737CC7F2-EC7C-4800-B7EB-72637E892C42}.Debug|WithNRefactory.ActiveCfg = Debug|Any CPU
		{737CC7F2-EC7C-4800-B7EB-72637E892C42}.Debug|x86.ActiveCfg = Debug|Any CPU
		{737CC7F2-EC7C-4800-B7EB-72637E892C42}.Release|Any CPU.ActiveCfg = Release|Any CPU
		{737CC7F2-EC7C-4800-B7EB-72637E892C42}.Release|Any CPU.Build.0 = Release|Any CPU
		{737CC7F2-EC7C-4800-B7EB-72637E892C42}.Release|Mixed Platforms.ActiveCfg = Release|Any CPU
		{737CC7F2-EC7C-4800-B7EB-72637E892C42}.Release|Mixed Platforms.Build.0 = Release|Any CPU
		{737CC7F2-EC7C-4800-B7EB-72637E892C42}.Release|Net35.ActiveCfg = Release|Any CPU
		{737CC7F2-EC7C-4800-B7EB-72637E892C42}.Release|Net40.ActiveCfg = Release|Any CPU
		{737CC7F2-EC7C-4800-B7EB-72637E892C42}.Release|WithNRefactory.ActiveCfg = Release|Any CPU
		{737CC7F2-EC7C-4800-B7EB-72637E892C42}.Release|x86.ActiveCfg = Release|Any CPU
		{7BA30B40-6603-48A3-8C49-C5A02C9BD2A8}.Debug|Any CPU.ActiveCfg = Debug|Any CPU
		{7BA30B40-6603-48A3-8C49-C5A02C9BD2A8}.Debug|Any CPU.Build.0 = Debug|Any CPU
		{7BA30B40-6603-48A3-8C49-C5A02C9BD2A8}.Debug|Mixed Platforms.ActiveCfg = Debug|Any CPU
		{7BA30B40-6603-48A3-8C49-C5A02C9BD2A8}.Debug|Mixed Platforms.Build.0 = Debug|Any CPU
		{7BA30B40-6603-48A3-8C49-C5A02C9BD2A8}.Debug|Net35.ActiveCfg = Debug|Any CPU
		{7BA30B40-6603-48A3-8C49-C5A02C9BD2A8}.Debug|Net40.ActiveCfg = Debug|Any CPU
		{7BA30B40-6603-48A3-8C49-C5A02C9BD2A8}.Debug|WithNRefactory.ActiveCfg = Debug|Any CPU
		{7BA30B40-6603-48A3-8C49-C5A02C9BD2A8}.Debug|x86.ActiveCfg = Debug|Any CPU
		{7BA30B40-6603-48A3-8C49-C5A02C9BD2A8}.Release|Any CPU.ActiveCfg = Release|Any CPU
		{7BA30B40-6603-48A3-8C49-C5A02C9BD2A8}.Release|Any CPU.Build.0 = Release|Any CPU
		{7BA30B40-6603-48A3-8C49-C5A02C9BD2A8}.Release|Mixed Platforms.ActiveCfg = Release|Any CPU
		{7BA30B40-6603-48A3-8C49-C5A02C9BD2A8}.Release|Mixed Platforms.Build.0 = Release|Any CPU
		{7BA30B40-6603-48A3-8C49-C5A02C9BD2A8}.Release|Net35.ActiveCfg = Release|Any CPU
		{7BA30B40-6603-48A3-8C49-C5A02C9BD2A8}.Release|Net40.ActiveCfg = Release|Any CPU
		{7BA30B40-6603-48A3-8C49-C5A02C9BD2A8}.Release|WithNRefactory.ActiveCfg = Release|Any CPU
		{7BA30B40-6603-48A3-8C49-C5A02C9BD2A8}.Release|x86.ActiveCfg = Release|Any CPU
		{E60C682A-86E4-4DE8-B1F7-33055B08E8EF}.Debug|Any CPU.ActiveCfg = Debug|Any CPU
		{E60C682A-86E4-4DE8-B1F7-33055B08E8EF}.Debug|Any CPU.Build.0 = Debug|Any CPU
		{E60C682A-86E4-4DE8-B1F7-33055B08E8EF}.Debug|Mixed Platforms.ActiveCfg = Debug|Any CPU
		{E60C682A-86E4-4DE8-B1F7-33055B08E8EF}.Debug|Mixed Platforms.Build.0 = Debug|Any CPU
		{E60C682A-86E4-4DE8-B1F7-33055B08E8EF}.Debug|Net35.ActiveCfg = Debug|Any CPU
		{E60C682A-86E4-4DE8-B1F7-33055B08E8EF}.Debug|Net40.ActiveCfg = Debug|Any CPU
		{E60C682A-86E4-4DE8-B1F7-33055B08E8EF}.Debug|WithNRefactory.ActiveCfg = Debug|Any CPU
		{E60C682A-86E4-4DE8-B1F7-33055B08E8EF}.Debug|x86.ActiveCfg = Debug|Any CPU
		{E60C682A-86E4-4DE8-B1F7-33055B08E8EF}.Release|Any CPU.ActiveCfg = Release|Any CPU
		{E60C682A-86E4-4DE8-B1F7-33055B08E8EF}.Release|Any CPU.Build.0 = Release|Any CPU
		{E60C682A-86E4-4DE8-B1F7-33055B08E8EF}.Release|Mixed Platforms.ActiveCfg = Release|Any CPU
		{E60C682A-86E4-4DE8-B1F7-33055B08E8EF}.Release|Mixed Platforms.Build.0 = Release|Any CPU
		{E60C682A-86E4-4DE8-B1F7-33055B08E8EF}.Release|Net35.ActiveCfg = Release|Any CPU
		{E60C682A-86E4-4DE8-B1F7-33055B08E8EF}.Release|Net40.ActiveCfg = Release|Any CPU
		{E60C682A-86E4-4DE8-B1F7-33055B08E8EF}.Release|WithNRefactory.ActiveCfg = Release|Any CPU
		{E60C682A-86E4-4DE8-B1F7-33055B08E8EF}.Release|x86.ActiveCfg = Release|Any CPU
		{EE5A02B9-B413-4310-89AF-F0EC5A850CF9}.Debug|Any CPU.ActiveCfg = Debug|Any CPU
		{EE5A02B9-B413-4310-89AF-F0EC5A850CF9}.Debug|Any CPU.Build.0 = Debug|Any CPU
		{EE5A02B9-B413-4310-89AF-F0EC5A850CF9}.Debug|Mixed Platforms.ActiveCfg = Debug|Any CPU
		{EE5A02B9-B413-4310-89AF-F0EC5A850CF9}.Debug|Mixed Platforms.Build.0 = Debug|Any CPU
		{EE5A02B9-B413-4310-89AF-F0EC5A850CF9}.Debug|Net35.ActiveCfg = Debug|Any CPU
		{EE5A02B9-B413-4310-89AF-F0EC5A850CF9}.Debug|Net40.ActiveCfg = Debug|Any CPU
		{EE5A02B9-B413-4310-89AF-F0EC5A850CF9}.Debug|WithNRefactory.ActiveCfg = Debug|Any CPU
		{EE5A02B9-B413-4310-89AF-F0EC5A850CF9}.Debug|x86.ActiveCfg = Debug|Any CPU
		{EE5A02B9-B413-4310-89AF-F0EC5A850CF9}.Release|Any CPU.ActiveCfg = Release|Any CPU
		{EE5A02B9-B413-4310-89AF-F0EC5A850CF9}.Release|Any CPU.Build.0 = Release|Any CPU
		{EE5A02B9-B413-4310-89AF-F0EC5A850CF9}.Release|Mixed Platforms.ActiveCfg = Release|Any CPU
		{EE5A02B9-B413-4310-89AF-F0EC5A850CF9}.Release|Mixed Platforms.Build.0 = Release|Any CPU
		{EE5A02B9-B413-4310-89AF-F0EC5A850CF9}.Release|Net35.ActiveCfg = Release|Any CPU
		{EE5A02B9-B413-4310-89AF-F0EC5A850CF9}.Release|Net40.ActiveCfg = Release|Any CPU
		{EE5A02B9-B413-4310-89AF-F0EC5A850CF9}.Release|WithNRefactory.ActiveCfg = Release|Any CPU
		{EE5A02B9-B413-4310-89AF-F0EC5A850CF9}.Release|x86.ActiveCfg = Release|Any CPU
		{F8D1408E-5DE8-4379-AB82-0B25971795BF}.Debug|Any CPU.ActiveCfg = Debug|Any CPU
		{F8D1408E-5DE8-4379-AB82-0B25971795BF}.Debug|Any CPU.Build.0 = Debug|Any CPU
		{F8D1408E-5DE8-4379-AB82-0B25971795BF}.Debug|Mixed Platforms.ActiveCfg = Debug|Any CPU
		{F8D1408E-5DE8-4379-AB82-0B25971795BF}.Debug|Mixed Platforms.Build.0 = Debug|Any CPU
		{F8D1408E-5DE8-4379-AB82-0B25971795BF}.Debug|Net35.ActiveCfg = Debug|Any CPU
		{F8D1408E-5DE8-4379-AB82-0B25971795BF}.Debug|Net40.ActiveCfg = Debug|Any CPU
		{F8D1408E-5DE8-4379-AB82-0B25971795BF}.Debug|WithNRefactory.ActiveCfg = Debug|Any CPU
		{F8D1408E-5DE8-4379-AB82-0B25971795BF}.Debug|x86.ActiveCfg = Debug|Any CPU
		{F8D1408E-5DE8-4379-AB82-0B25971795BF}.Release|Any CPU.ActiveCfg = Release|Any CPU
		{F8D1408E-5DE8-4379-AB82-0B25971795BF}.Release|Any CPU.Build.0 = Release|Any CPU
		{F8D1408E-5DE8-4379-AB82-0B25971795BF}.Release|Mixed Platforms.ActiveCfg = Release|Any CPU
		{F8D1408E-5DE8-4379-AB82-0B25971795BF}.Release|Mixed Platforms.Build.0 = Release|Any CPU
		{F8D1408E-5DE8-4379-AB82-0B25971795BF}.Release|Net35.ActiveCfg = Release|Any CPU
		{F8D1408E-5DE8-4379-AB82-0B25971795BF}.Release|Net40.ActiveCfg = Release|Any CPU
		{F8D1408E-5DE8-4379-AB82-0B25971795BF}.Release|WithNRefactory.ActiveCfg = Release|Any CPU
		{F8D1408E-5DE8-4379-AB82-0B25971795BF}.Release|x86.ActiveCfg = Release|Any CPU
		{181FE707-E161-4722-9F38-6AAAB6FAA106}.Debug|Any CPU.ActiveCfg = Debug|Any CPU
		{181FE707-E161-4722-9F38-6AAAB6FAA106}.Debug|Any CPU.Build.0 = Debug|Any CPU
		{181FE707-E161-4722-9F38-6AAAB6FAA106}.Debug|Mixed Platforms.ActiveCfg = Debug|Any CPU
		{181FE707-E161-4722-9F38-6AAAB6FAA106}.Debug|Mixed Platforms.Build.0 = Debug|Any CPU
		{181FE707-E161-4722-9F38-6AAAB6FAA106}.Debug|Net35.ActiveCfg = Debug|Any CPU
		{181FE707-E161-4722-9F38-6AAAB6FAA106}.Debug|Net40.ActiveCfg = Debug|Any CPU
		{181FE707-E161-4722-9F38-6AAAB6FAA106}.Debug|WithNRefactory.ActiveCfg = Debug|Any CPU
		{181FE707-E161-4722-9F38-6AAAB6FAA106}.Debug|x86.ActiveCfg = Debug|Any CPU
		{181FE707-E161-4722-9F38-6AAAB6FAA106}.Release|Any CPU.ActiveCfg = Release|Any CPU
		{181FE707-E161-4722-9F38-6AAAB6FAA106}.Release|Any CPU.Build.0 = Release|Any CPU
		{181FE707-E161-4722-9F38-6AAAB6FAA106}.Release|Mixed Platforms.ActiveCfg = Release|Any CPU
		{181FE707-E161-4722-9F38-6AAAB6FAA106}.Release|Mixed Platforms.Build.0 = Release|Any CPU
		{181FE707-E161-4722-9F38-6AAAB6FAA106}.Release|Net35.ActiveCfg = Release|Any CPU
		{181FE707-E161-4722-9F38-6AAAB6FAA106}.Release|Net40.ActiveCfg = Release|Any CPU
		{181FE707-E161-4722-9F38-6AAAB6FAA106}.Release|WithNRefactory.ActiveCfg = Release|Any CPU
		{181FE707-E161-4722-9F38-6AAAB6FAA106}.Release|x86.ActiveCfg = Release|Any CPU
		{888B17EF-FA19-4B46-B492-3B937FFED98A}.Debug|Any CPU.ActiveCfg = Debug|Any CPU
		{888B17EF-FA19-4B46-B492-3B937FFED98A}.Debug|Any CPU.Build.0 = Debug|Any CPU
		{888B17EF-FA19-4B46-B492-3B937FFED98A}.Debug|Mixed Platforms.ActiveCfg = Debug|Any CPU
		{888B17EF-FA19-4B46-B492-3B937FFED98A}.Debug|Mixed Platforms.Build.0 = Debug|Any CPU
		{888B17EF-FA19-4B46-B492-3B937FFED98A}.Debug|Net35.ActiveCfg = Debug|Any CPU
		{888B17EF-FA19-4B46-B492-3B937FFED98A}.Debug|Net40.ActiveCfg = Debug|Any CPU
		{888B17EF-FA19-4B46-B492-3B937FFED98A}.Debug|WithNRefactory.ActiveCfg = Debug|Any CPU
		{888B17EF-FA19-4B46-B492-3B937FFED98A}.Debug|x86.ActiveCfg = Debug|Any CPU
		{888B17EF-FA19-4B46-B492-3B937FFED98A}.Release|Any CPU.ActiveCfg = Release|Any CPU
		{888B17EF-FA19-4B46-B492-3B937FFED98A}.Release|Any CPU.Build.0 = Release|Any CPU
		{888B17EF-FA19-4B46-B492-3B937FFED98A}.Release|Mixed Platforms.ActiveCfg = Release|Any CPU
		{888B17EF-FA19-4B46-B492-3B937FFED98A}.Release|Mixed Platforms.Build.0 = Release|Any CPU
		{888B17EF-FA19-4B46-B492-3B937FFED98A}.Release|Net35.ActiveCfg = Release|Any CPU
		{888B17EF-FA19-4B46-B492-3B937FFED98A}.Release|Net40.ActiveCfg = Release|Any CPU
		{888B17EF-FA19-4B46-B492-3B937FFED98A}.Release|WithNRefactory.ActiveCfg = Release|Any CPU
		{888B17EF-FA19-4B46-B492-3B937FFED98A}.Release|x86.ActiveCfg = Release|Any CPU
		{0374C9F1-8508-421C-82A7-8D5DADB2B49A}.Debug|Any CPU.ActiveCfg = Debug|Any CPU
		{0374C9F1-8508-421C-82A7-8D5DADB2B49A}.Debug|Any CPU.Build.0 = Debug|Any CPU
		{0374C9F1-8508-421C-82A7-8D5DADB2B49A}.Debug|Mixed Platforms.ActiveCfg = Debug|Any CPU
		{0374C9F1-8508-421C-82A7-8D5DADB2B49A}.Debug|Mixed Platforms.Build.0 = Debug|Any CPU
		{0374C9F1-8508-421C-82A7-8D5DADB2B49A}.Debug|Net35.ActiveCfg = Debug|Any CPU
		{0374C9F1-8508-421C-82A7-8D5DADB2B49A}.Debug|Net40.ActiveCfg = Debug|Any CPU
		{0374C9F1-8508-421C-82A7-8D5DADB2B49A}.Debug|WithNRefactory.ActiveCfg = Debug|Any CPU
		{0374C9F1-8508-421C-82A7-8D5DADB2B49A}.Debug|x86.ActiveCfg = Debug|Any CPU
		{0374C9F1-8508-421C-82A7-8D5DADB2B49A}.Release|Any CPU.ActiveCfg = Release|Any CPU
		{0374C9F1-8508-421C-82A7-8D5DADB2B49A}.Release|Any CPU.Build.0 = Release|Any CPU
		{0374C9F1-8508-421C-82A7-8D5DADB2B49A}.Release|Mixed Platforms.ActiveCfg = Release|Any CPU
		{0374C9F1-8508-421C-82A7-8D5DADB2B49A}.Release|Mixed Platforms.Build.0 = Release|Any CPU
		{0374C9F1-8508-421C-82A7-8D5DADB2B49A}.Release|Net35.ActiveCfg = Release|Any CPU
		{0374C9F1-8508-421C-82A7-8D5DADB2B49A}.Release|Net40.ActiveCfg = Release|Any CPU
		{0374C9F1-8508-421C-82A7-8D5DADB2B49A}.Release|WithNRefactory.ActiveCfg = Release|Any CPU
		{0374C9F1-8508-421C-82A7-8D5DADB2B49A}.Release|x86.ActiveCfg = Release|Any CPU
		{FAF224DC-A63D-47C3-B793-BA353D0EF61B}.Debug|Any CPU.ActiveCfg = Debug|Any CPU
		{FAF224DC-A63D-47C3-B793-BA353D0EF61B}.Debug|Any CPU.Build.0 = Debug|Any CPU
		{FAF224DC-A63D-47C3-B793-BA353D0EF61B}.Debug|Mixed Platforms.ActiveCfg = Debug|Any CPU
		{FAF224DC-A63D-47C3-B793-BA353D0EF61B}.Debug|Mixed Platforms.Build.0 = Debug|Any CPU
		{FAF224DC-A63D-47C3-B793-BA353D0EF61B}.Debug|Net35.ActiveCfg = Debug|Any CPU
		{FAF224DC-A63D-47C3-B793-BA353D0EF61B}.Debug|Net40.ActiveCfg = Debug|Any CPU
		{FAF224DC-A63D-47C3-B793-BA353D0EF61B}.Debug|WithNRefactory.ActiveCfg = Debug|Any CPU
		{FAF224DC-A63D-47C3-B793-BA353D0EF61B}.Debug|x86.ActiveCfg = Debug|Any CPU
		{FAF224DC-A63D-47C3-B793-BA353D0EF61B}.Release|Any CPU.ActiveCfg = Release|Any CPU
		{FAF224DC-A63D-47C3-B793-BA353D0EF61B}.Release|Any CPU.Build.0 = Release|Any CPU
		{FAF224DC-A63D-47C3-B793-BA353D0EF61B}.Release|Mixed Platforms.ActiveCfg = Release|Any CPU
		{FAF224DC-A63D-47C3-B793-BA353D0EF61B}.Release|Mixed Platforms.Build.0 = Release|Any CPU
		{FAF224DC-A63D-47C3-B793-BA353D0EF61B}.Release|Net35.ActiveCfg = Release|Any CPU
		{FAF224DC-A63D-47C3-B793-BA353D0EF61B}.Release|Net40.ActiveCfg = Release|Any CPU
		{FAF224DC-A63D-47C3-B793-BA353D0EF61B}.Release|WithNRefactory.ActiveCfg = Release|Any CPU
		{FAF224DC-A63D-47C3-B793-BA353D0EF61B}.Release|x86.ActiveCfg = Release|Any CPU
		{C63CD4E0-3E9E-4F6D-B21D-B4F514015FB4}.Debug|Any CPU.ActiveCfg = Debug|Any CPU
		{C63CD4E0-3E9E-4F6D-B21D-B4F514015FB4}.Debug|Any CPU.Build.0 = Debug|Any CPU
		{C63CD4E0-3E9E-4F6D-B21D-B4F514015FB4}.Debug|Mixed Platforms.ActiveCfg = Debug|Any CPU
		{C63CD4E0-3E9E-4F6D-B21D-B4F514015FB4}.Debug|Mixed Platforms.Build.0 = Debug|Any CPU
		{C63CD4E0-3E9E-4F6D-B21D-B4F514015FB4}.Debug|Net35.ActiveCfg = Debug|Any CPU
		{C63CD4E0-3E9E-4F6D-B21D-B4F514015FB4}.Debug|Net40.ActiveCfg = Debug|Any CPU
		{C63CD4E0-3E9E-4F6D-B21D-B4F514015FB4}.Debug|WithNRefactory.ActiveCfg = Debug|Any CPU
		{C63CD4E0-3E9E-4F6D-B21D-B4F514015FB4}.Debug|x86.ActiveCfg = Debug|Any CPU
		{C63CD4E0-3E9E-4F6D-B21D-B4F514015FB4}.Release|Any CPU.ActiveCfg = Release|Any CPU
		{C63CD4E0-3E9E-4F6D-B21D-B4F514015FB4}.Release|Any CPU.Build.0 = Release|Any CPU
		{C63CD4E0-3E9E-4F6D-B21D-B4F514015FB4}.Release|Mixed Platforms.ActiveCfg = Release|Any CPU
		{C63CD4E0-3E9E-4F6D-B21D-B4F514015FB4}.Release|Mixed Platforms.Build.0 = Release|Any CPU
		{C63CD4E0-3E9E-4F6D-B21D-B4F514015FB4}.Release|Net35.ActiveCfg = Release|Any CPU
		{C63CD4E0-3E9E-4F6D-B21D-B4F514015FB4}.Release|Net40.ActiveCfg = Release|Any CPU
		{C63CD4E0-3E9E-4F6D-B21D-B4F514015FB4}.Release|WithNRefactory.ActiveCfg = Release|Any CPU
		{C63CD4E0-3E9E-4F6D-B21D-B4F514015FB4}.Release|x86.ActiveCfg = Release|Any CPU
		{4F56A3C6-693C-4D4E-BD27-1A732070972F}.Debug|Any CPU.ActiveCfg = Debug|x86
		{4F56A3C6-693C-4D4E-BD27-1A732070972F}.Debug|Mixed Platforms.ActiveCfg = Debug|x86
		{4F56A3C6-693C-4D4E-BD27-1A732070972F}.Debug|Mixed Platforms.Build.0 = Debug|x86
		{4F56A3C6-693C-4D4E-BD27-1A732070972F}.Debug|Net35.ActiveCfg = Debug|x86
		{4F56A3C6-693C-4D4E-BD27-1A732070972F}.Debug|Net40.ActiveCfg = Debug|x86
		{4F56A3C6-693C-4D4E-BD27-1A732070972F}.Debug|WithNRefactory.ActiveCfg = Debug|x86
		{4F56A3C6-693C-4D4E-BD27-1A732070972F}.Debug|x86.ActiveCfg = Debug|x86
		{4F56A3C6-693C-4D4E-BD27-1A732070972F}.Debug|x86.Build.0 = Debug|x86
		{4F56A3C6-693C-4D4E-BD27-1A732070972F}.Release|Any CPU.ActiveCfg = Release|x86
		{4F56A3C6-693C-4D4E-BD27-1A732070972F}.Release|Mixed Platforms.ActiveCfg = Release|x86
		{4F56A3C6-693C-4D4E-BD27-1A732070972F}.Release|Mixed Platforms.Build.0 = Release|x86
		{4F56A3C6-693C-4D4E-BD27-1A732070972F}.Release|Net35.ActiveCfg = Release|x86
		{4F56A3C6-693C-4D4E-BD27-1A732070972F}.Release|Net40.ActiveCfg = Release|x86
		{4F56A3C6-693C-4D4E-BD27-1A732070972F}.Release|WithNRefactory.ActiveCfg = Release|x86
		{4F56A3C6-693C-4D4E-BD27-1A732070972F}.Release|x86.ActiveCfg = Release|x86
		{4F56A3C6-693C-4D4E-BD27-1A732070972F}.Release|x86.Build.0 = Release|x86
		{6C55B776-26D4-4DB3-A6AB-87E783B2F3D1}.Debug|Any CPU.ActiveCfg = Debug|Any CPU
		{6C55B776-26D4-4DB3-A6AB-87E783B2F3D1}.Debug|Any CPU.Build.0 = Debug|Any CPU
		{6C55B776-26D4-4DB3-A6AB-87E783B2F3D1}.Debug|Mixed Platforms.ActiveCfg = Debug|Any CPU
		{6C55B776-26D4-4DB3-A6AB-87E783B2F3D1}.Debug|Mixed Platforms.Build.0 = Debug|Any CPU
		{6C55B776-26D4-4DB3-A6AB-87E783B2F3D1}.Debug|Net35.ActiveCfg = Debug|Any CPU
		{6C55B776-26D4-4DB3-A6AB-87E783B2F3D1}.Debug|Net40.ActiveCfg = Debug|Any CPU
		{6C55B776-26D4-4DB3-A6AB-87E783B2F3D1}.Debug|WithNRefactory.ActiveCfg = Debug|Any CPU
		{6C55B776-26D4-4DB3-A6AB-87E783B2F3D1}.Debug|x86.ActiveCfg = Debug|Any CPU
		{6C55B776-26D4-4DB3-A6AB-87E783B2F3D1}.Release|Any CPU.ActiveCfg = Release|Any CPU
		{6C55B776-26D4-4DB3-A6AB-87E783B2F3D1}.Release|Any CPU.Build.0 = Release|Any CPU
		{6C55B776-26D4-4DB3-A6AB-87E783B2F3D1}.Release|Mixed Platforms.ActiveCfg = Release|Any CPU
		{6C55B776-26D4-4DB3-A6AB-87E783B2F3D1}.Release|Mixed Platforms.Build.0 = Release|Any CPU
		{6C55B776-26D4-4DB3-A6AB-87E783B2F3D1}.Release|Net35.ActiveCfg = Release|Any CPU
		{6C55B776-26D4-4DB3-A6AB-87E783B2F3D1}.Release|Net40.ActiveCfg = Release|Any CPU
		{6C55B776-26D4-4DB3-A6AB-87E783B2F3D1}.Release|WithNRefactory.ActiveCfg = Release|Any CPU
		{6C55B776-26D4-4DB3-A6AB-87E783B2F3D1}.Release|x86.ActiveCfg = Release|Any CPU
		{35FAEC6A-5BAC-4A6D-9B27-D7AAAE1FFC1F}.Debug|Any CPU.ActiveCfg = Debug|WithNRefactory
		{35FAEC6A-5BAC-4A6D-9B27-D7AAAE1FFC1F}.Debug|Mixed Platforms.ActiveCfg = Debug|WithNRefactory
		{35FAEC6A-5BAC-4A6D-9B27-D7AAAE1FFC1F}.Debug|Mixed Platforms.Build.0 = Debug|WithNRefactory
		{35FAEC6A-5BAC-4A6D-9B27-D7AAAE1FFC1F}.Debug|Net35.ActiveCfg = Debug|Net35
		{35FAEC6A-5BAC-4A6D-9B27-D7AAAE1FFC1F}.Debug|Net35.Build.0 = Debug|Net35
		{35FAEC6A-5BAC-4A6D-9B27-D7AAAE1FFC1F}.Debug|Net40.ActiveCfg = Debug|Net40
		{35FAEC6A-5BAC-4A6D-9B27-D7AAAE1FFC1F}.Debug|Net40.Build.0 = Debug|Net40
		{35FAEC6A-5BAC-4A6D-9B27-D7AAAE1FFC1F}.Debug|WithNRefactory.ActiveCfg = Debug|WithNRefactory
		{35FAEC6A-5BAC-4A6D-9B27-D7AAAE1FFC1F}.Debug|WithNRefactory.Build.0 = Debug|WithNRefactory
		{35FAEC6A-5BAC-4A6D-9B27-D7AAAE1FFC1F}.Debug|x86.ActiveCfg = Debug|WithNRefactory
		{35FAEC6A-5BAC-4A6D-9B27-D7AAAE1FFC1F}.Release|Any CPU.ActiveCfg = Release|WithNRefactory
		{35FAEC6A-5BAC-4A6D-9B27-D7AAAE1FFC1F}.Release|Mixed Platforms.ActiveCfg = Release|WithNRefactory
		{35FAEC6A-5BAC-4A6D-9B27-D7AAAE1FFC1F}.Release|Mixed Platforms.Build.0 = Release|WithNRefactory
		{35FAEC6A-5BAC-4A6D-9B27-D7AAAE1FFC1F}.Release|Net35.ActiveCfg = Release|Net35
		{35FAEC6A-5BAC-4A6D-9B27-D7AAAE1FFC1F}.Release|Net35.Build.0 = Release|Net35
		{35FAEC6A-5BAC-4A6D-9B27-D7AAAE1FFC1F}.Release|Net40.ActiveCfg = Release|Net40
		{35FAEC6A-5BAC-4A6D-9B27-D7AAAE1FFC1F}.Release|Net40.Build.0 = Release|Net40
		{35FAEC6A-5BAC-4A6D-9B27-D7AAAE1FFC1F}.Release|WithNRefactory.ActiveCfg = Release|WithNRefactory
		{35FAEC6A-5BAC-4A6D-9B27-D7AAAE1FFC1F}.Release|WithNRefactory.Build.0 = Release|WithNRefactory
		{35FAEC6A-5BAC-4A6D-9B27-D7AAAE1FFC1F}.Release|x86.ActiveCfg = Release|WithNRefactory
		{AF38D846-E794-47FF-B327-E816F77C1429}.Debug|Any CPU.ActiveCfg = Debug|Any CPU
		{AF38D846-E794-47FF-B327-E816F77C1429}.Debug|Any CPU.Build.0 = Debug|Any CPU
		{AF38D846-E794-47FF-B327-E816F77C1429}.Debug|Mixed Platforms.ActiveCfg = Debug|Any CPU
		{AF38D846-E794-47FF-B327-E816F77C1429}.Debug|Mixed Platforms.Build.0 = Debug|Any CPU
		{AF38D846-E794-47FF-B327-E816F77C1429}.Debug|Net35.ActiveCfg = Debug|Any CPU
		{AF38D846-E794-47FF-B327-E816F77C1429}.Debug|Net40.ActiveCfg = Debug|Any CPU
		{AF38D846-E794-47FF-B327-E816F77C1429}.Debug|WithNRefactory.ActiveCfg = Debug|Any CPU
		{AF38D846-E794-47FF-B327-E816F77C1429}.Debug|x86.ActiveCfg = Debug|Any CPU
		{AF38D846-E794-47FF-B327-E816F77C1429}.Release|Any CPU.ActiveCfg = Release|Any CPU
		{AF38D846-E794-47FF-B327-E816F77C1429}.Release|Any CPU.Build.0 = Release|Any CPU
		{AF38D846-E794-47FF-B327-E816F77C1429}.Release|Mixed Platforms.ActiveCfg = Release|Any CPU
		{AF38D846-E794-47FF-B327-E816F77C1429}.Release|Mixed Platforms.Build.0 = Release|Any CPU
		{AF38D846-E794-47FF-B327-E816F77C1429}.Release|Net35.ActiveCfg = Release|Any CPU
		{AF38D846-E794-47FF-B327-E816F77C1429}.Release|Net40.ActiveCfg = Release|Any CPU
		{AF38D846-E794-47FF-B327-E816F77C1429}.Release|WithNRefactory.ActiveCfg = Release|Any CPU
		{AF38D846-E794-47FF-B327-E816F77C1429}.Release|x86.ActiveCfg = Release|Any CPU
	EndGlobalSection
	GlobalSection(SolutionProperties) = preSolution
		HideSolutionNode = FALSE
	EndGlobalSection
EndGlobal
